github.com/common-nighthawk/go-figure v0.0.0-20200609044655-c4b36f998cf2 h1:tjT4Jp4gxECvsJcYpAMtW2I3YqzBTPuB67OejxXs86s=
github.com/common-nighthawk/go-figure v0.0.0-20200609044655-c4b36f998cf2/go.mod h1:mk5IQ+Y0ZeO87b858TlA645sVcEcbiX6YqP98kt+7+w=
github.com/mattn/go-runewidth v0.0.7 h1:Ei8KR0497xHyKJPAv59M1dkC+rOZCMBJ+t3fZ+twI54=
github.com/mattn/go-runewidth v0.0.7/go.mod h1:H031xJmbD/WCDINGzjvQ9THkh0rPKHF+m2gUSrubnMI=
github.com/olekukonko/tablewriter v0.0.4 h1:vHD/YYe1Wolo78koG299f7V/VAS08c6IpCLn+Ejf/w8=
github.com/olekukonko/tablewriter v0.0.4/go.mod h1:zq6QwlOf5SlnkVbMSr5EoBv3636FWnp+qbPhuoO21uA=
github.com/stevedomin/termtable v0.0.0-20150929082024-09d29f3fd628 h1:f6X87W9rf8gQrniE11U1Go6YrlA/alLC0WCX70ITUaI=
github.com/stevedomin/termtable v0.0.0-20150929082024-09d29f3fd628/go.mod h1:GSXnO3zhIxojyt7AVBvVpeQB7fbSCFOUo/0q5zz142A=
